
Microsoft Visual Studio Solution File, Format Version 10.00
# Visual Studio 2008
Project("{FAE04EC0-301F-11D3-BF4B-00C04F79EFBC}") = "DBox", "DBox\DBox.csproj", "{0637EFE1-C16B-4FA7-8465-EA45C9DF97C3}"
EndProject
Project("{2150E333-8FDC-42A3-9474-1A3956D46DE8}") = "Solution Items", "Solution Items", "{73A9875C-8BD1-49C4-854A-8D4DDC60D376}"
	ProjectSection(SolutionItems) = preProject
		Dbox.vsmdi = Dbox.vsmdi
		SmartDeviceTestRun.testrunConfig = SmartDeviceTestRun.testrunConfig
	EndProjectSection
EndProject
Global
	GlobalSection(SolutionConfigurationPlatforms) = preSolution
		Debug|Any CPU = Debug|Any CPU
		Release|Any CPU = Release|Any CPU
	EndGlobalSection
	GlobalSection(ProjectConfigurationPlatforms) = postSolution
		{0637EFE1-C16B-4FA7-8465-EA45C9DF97C3}.Debug|Any CPU.ActiveCfg = Debug|Any CPU
		{0637EFE1-C16B-4FA7-8465-EA45C9DF97C3}.Debug|Any CPU.Build.0 = Debug|Any CPU
		{0637EFE1-C16B-4FA7-8465-EA45C9DF97C3}.Debug|Any CPU.Deploy.0 = Debug|Any CPU
		{0637EFE1-C16B-4FA7-8465-EA45C9DF97C3}.Release|Any CPU.ActiveCfg = Release|Any CPU
		{0637EFE1-C16B-4FA7-8465-EA45C9DF97C3}.Release|Any CPU.Build.0 = Release|Any CPU
		{0637EFE1-C16B-4FA7-8465-EA45C9DF97C3}.Release|Any CPU.Deploy.0 = Release|Any CPU
	EndGlobalSection
	GlobalSection(SolutionProperties) = preSolution
		HideSolutionNode = FALSE
	EndGlobalSection
	GlobalSection(ExtensibilityGlobals) = postSolution
		VisualSVNWorkingCopyRoot = .
	EndGlobalSection
EndGlobal
